// !$*UTF8*$!
{
	archiveVersion = 1;
	classes = {
	};
	objectVersion = 50;
	objects = {

/* Begin PBXBuildFile section */
		BF25E011266656C8006B2270 /* Tests_iOS.swift in Sources */ = {isa = PBXBuildFile; fileRef = BF25E010266656C8006B2270 /* Tests_iOS.swift */; };
		BF25E01C266656C8006B2270 /* Tests_macOS.swift in Sources */ = {isa = PBXBuildFile; fileRef = BF25E01B266656C8006B2270 /* Tests_macOS.swift */; };
		BF25E01E266656C8006B2270 /* LandmarksApp.swift in Sources */ = {isa = PBXBuildFile; fileRef = BF25DFF5266656C7006B2270 /* LandmarksApp.swift */; };
		BF25E01F266656C8006B2270 /* LandmarksApp.swift in Sources */ = {isa = PBXBuildFile; fileRef = BF25DFF5266656C7006B2270 /* LandmarksApp.swift */; };
		BF25E020266656C8006B2270 /* ContentView.swift in Sources */ = {isa = PBXBuildFile; fileRef = BF25DFF6266656C7006B2270 /* ContentView.swift */; };
		BF25E021266656C8006B2270 /* ContentView.swift in Sources */ = {isa = PBXBuildFile; fileRef = BF25DFF6266656C7006B2270 /* ContentView.swift */; };
		BF25E022266656C8006B2270 /* Assets.xcassets in Resources */ = {isa = PBXBuildFile; fileRef = BF25DFF7266656C8006B2270 /* Assets.xcassets */; };
		BF25E023266656C8006B2270 /* Assets.xcassets in Resources */ = {isa = PBXBuildFile; fileRef = BF25DFF7266656C8006B2270 /* Assets.xcassets */; };
		BF25E033266663CD006B2270 /* CircleImage.swift in Sources */ = {isa = PBXBuildFile; fileRef = BF25E032266663CD006B2270 /* CircleImage.swift */; };
		BF25E034266663CD006B2270 /* CircleImage.swift in Sources */ = {isa = PBXBuildFile; fileRef = BF25E032266663CD006B2270 /* CircleImage.swift */; };
		BF25E03626666F66006B2270 /* MapView.swift in Sources */ = {isa = PBXBuildFile; fileRef = BF25E03526666F66006B2270 /* MapView.swift */; };
		BF25E03726666F66006B2270 /* MapView.swift in Sources */ = {isa = PBXBuildFile; fileRef = BF25E03526666F66006B2270 /* MapView.swift */; };
		BF92120B266FAC0E00E4D4C5 /* LandmarkList.swift in Sources */ = {isa = PBXBuildFile; fileRef = BF92120A266FAC0E00E4D4C5 /* LandmarkList.swift */; };
		BF92120C266FAC0E00E4D4C5 /* LandmarkList.swift in Sources */ = {isa = PBXBuildFile; fileRef = BF92120A266FAC0E00E4D4C5 /* LandmarkList.swift */; };
		BF971AD5268373CB001EC908 /* FavoriteButton.swift in Sources */ = {isa = PBXBuildFile; fileRef = BF971AD4268373CB001EC908 /* FavoriteButton.swift */; };
		BF971AD826837723001EC908 /* FavoriteButton.swift in Sources */ = {isa = PBXBuildFile; fileRef = BF971AD4268373CB001EC908 /* FavoriteButton.swift */; };
		BF99D86F266923A800EFC09D /* landmarkData.json in Resources */ = {isa = PBXBuildFile; fileRef = BF99D86E266923A800EFC09D /* landmarkData.json */; };
		BF99D870266923A800EFC09D /* landmarkData.json in Resources */ = {isa = PBXBuildFile; fileRef = BF99D86E266923A800EFC09D /* landmarkData.json */; };
		BF99D8722669249300EFC09D /* Landmark.swift in Sources */ = {isa = PBXBuildFile; fileRef = BF99D8712669249300EFC09D /* Landmark.swift */; };
		BF99D8732669249300EFC09D /* Landmark.swift in Sources */ = {isa = PBXBuildFile; fileRef = BF99D8712669249300EFC09D /* Landmark.swift */; };
		BF99D875266A34BD00EFC09D /* ModelData.swift in Sources */ = {isa = PBXBuildFile; fileRef = BF99D874266A34BD00EFC09D /* ModelData.swift */; };
		BF99D876266A34BD00EFC09D /* ModelData.swift in Sources */ = {isa = PBXBuildFile; fileRef = BF99D874266A34BD00EFC09D /* ModelData.swift */; };
		BF99D87B266BC81400EFC09D /* LandmarkRow.swift in Sources */ = {isa = PBXBuildFile; fileRef = BF99D87A266BC81400EFC09D /* LandmarkRow.swift */; };
		BF99D87C266BC81400EFC09D /* LandmarkRow.swift in Sources */ = {isa = PBXBuildFile; fileRef = BF99D87A266BC81400EFC09D /* LandmarkRow.swift */; };
		BFB8422D26B03CDB002F1944 /* HikeBadge.swift in Sources */ = {isa = PBXBuildFile; fileRef = BFB8422C26B03CDB002F1944 /* HikeBadge.swift */; };
		BFB8422E26B03CDB002F1944 /* HikeBadge.swift in Sources */ = {isa = PBXBuildFile; fileRef = BFB8422C26B03CDB002F1944 /* HikeBadge.swift */; };
		BFBA90BB26B825D2000AA2A1 /* ProfileEditor.swift in Sources */ = {isa = PBXBuildFile; fileRef = BFBA90BA26B825D2000AA2A1 /* ProfileEditor.swift */; };
		BFBA90BC26B825D2000AA2A1 /* ProfileEditor.swift in Sources */ = {isa = PBXBuildFile; fileRef = BFBA90BA26B825D2000AA2A1 /* ProfileEditor.swift */; };
		BFBBA69726778D6C00168F24 /* SwiftUI-Essentials.md in Resources */ = {isa = PBXBuildFile; fileRef = BFBBA69626778D6C00168F24 /* SwiftUI-Essentials.md */; };
		BFBBA699267795A000168F24 /* LandmarkDetail.swift in Sources */ = {isa = PBXBuildFile; fileRef = BFBBA698267795A000168F24 /* LandmarkDetail.swift */; };
		BFBC3EFB268CAF08002DE0E3 /* GraphCapsule.swift in Sources */ = {isa = PBXBuildFile; fileRef = BFBC3EF7268CAF08002DE0E3 /* GraphCapsule.swift */; };
		BFBC3EFC268CAF08002DE0E3 /* GraphCapsule.swift in Sources */ = {isa = PBXBuildFile; fileRef = BFBC3EF7268CAF08002DE0E3 /* GraphCapsule.swift */; };
		BFBC3EFD268CAF08002DE0E3 /* HikeGraph.swift in Sources */ = {isa = PBXBuildFile; fileRef = BFBC3EF8268CAF08002DE0E3 /* HikeGraph.swift */; };
		BFBC3EFE268CAF08002DE0E3 /* HikeGraph.swift in Sources */ = {isa = PBXBuildFile; fileRef = BFBC3EF8268CAF08002DE0E3 /* HikeGraph.swift */; };
		BFBC3EFF268CAF08002DE0E3 /* HikeDetail.swift in Sources */ = {isa = PBXBuildFile; fileRef = BFBC3EF9268CAF08002DE0E3 /* HikeDetail.swift */; };
		BFBC3F00268CAF08002DE0E3 /* HikeDetail.swift in Sources */ = {isa = PBXBuildFile; fileRef = BFBC3EF9268CAF08002DE0E3 /* HikeDetail.swift */; };
		BFBC3F01268CAF08002DE0E3 /* HikeView.swift in Sources */ = {isa = PBXBuildFile; fileRef = BFBC3EFA268CAF08002DE0E3 /* HikeView.swift */; };
		BFBC3F02268CAF08002DE0E3 /* HikeView.swift in Sources */ = {isa = PBXBuildFile; fileRef = BFBC3EFA268CAF08002DE0E3 /* HikeView.swift */; };
		BFBC3F04268CAFF8002DE0E3 /* hikeData.json in Resources */ = {isa = PBXBuildFile; fileRef = BFBC3F03268CAFF8002DE0E3 /* hikeData.json */; };
		BFBC3F05268CAFF8002DE0E3 /* hikeData.json in Resources */ = {isa = PBXBuildFile; fileRef = BFBC3F03268CAFF8002DE0E3 /* hikeData.json */; };
		BFBC3F07268CB04B002DE0E3 /* Hike.swift in Sources */ = {isa = PBXBuildFile; fileRef = BFBC3F06268CB04B002DE0E3 /* Hike.swift */; };
		BFBC3F08268CB04B002DE0E3 /* Hike.swift in Sources */ = {isa = PBXBuildFile; fileRef = BFBC3F06268CB04B002DE0E3 /* Hike.swift */; };
		BFBC3FDF269C80A40060B804 /* CategoryHome.swift in Sources */ = {isa = PBXBuildFile; fileRef = BFBC3FDE269C80A40060B804 /* CategoryHome.swift */; };
		BFBC3FE1269C85900060B804 /* CategoryRow.swift in Sources */ = {isa = PBXBuildFile; fileRef = BFBC3FE0269C85900060B804 /* CategoryRow.swift */; };
		BFBC3FE3269C88130060B804 /* CategoryItem.swift in Sources */ = {isa = PBXBuildFile; fileRef = BFBC3FE2269C88130060B804 /* CategoryItem.swift */; };
		BFBFE5F7268B54110021EFF1 /* HexagonParameters.swift in Sources */ = {isa = PBXBuildFile; fileRef = BFBFE5F6268B54110021EFF1 /* HexagonParameters.swift */; };
		BFBFE5F8268B54110021EFF1 /* HexagonParameters.swift in Sources */ = {isa = PBXBuildFile; fileRef = BFBFE5F6268B54110021EFF1 /* HexagonParameters.swift */; };
		BFBFE5FA268B552D0021EFF1 /* BadgeBackground.swift in Sources */ = {isa = PBXBuildFile; fileRef = BFBFE5F9268B552D0021EFF1 /* BadgeBackground.swift */; };
		BFBFE5FB268B552D0021EFF1 /* BadgeBackground.swift in Sources */ = {isa = PBXBuildFile; fileRef = BFBFE5F9268B552D0021EFF1 /* BadgeBackground.swift */; };
		BFBFE5FE268B5D010021EFF1 /* BadgeSymbol.swift in Sources */ = {isa = PBXBuildFile; fileRef = BFBFE5FD268B5D010021EFF1 /* BadgeSymbol.swift */; };
		BFBFE5FF268B5D010021EFF1 /* BadgeSymbol.swift in Sources */ = {isa = PBXBuildFile; fileRef = BFBFE5FD268B5D010021EFF1 /* BadgeSymbol.swift */; };
		BFBFE601268B5DFA0021EFF1 /* RotatedBadgeSymbol.swift in Sources */ = {isa = PBXBuildFile; fileRef = BFBFE600268B5DFA0021EFF1 /* RotatedBadgeSymbol.swift */; };
		BFBFE602268B5DFA0021EFF1 /* RotatedBadgeSymbol.swift in Sources */ = {isa = PBXBuildFile; fileRef = BFBFE600268B5DFA0021EFF1 /* RotatedBadgeSymbol.swift */; };
		BFBFE604268B5E850021EFF1 /* Badge.swift in Sources */ = {isa = PBXBuildFile; fileRef = BFBFE603268B5E850021EFF1 /* Badge.swift */; };
		BFBFE605268B5E850021EFF1 /* Badge.swift in Sources */ = {isa = PBXBuildFile; fileRef = BFBFE603268B5E850021EFF1 /* Badge.swift */; };
		BFCCA73D26AEFC62009201D1 /* Profile.swift in Sources */ = {isa = PBXBuildFile; fileRef = BFCCA73C26AEFC62009201D1 /* Profile.swift */; };
		BFCCA73E26AEFC62009201D1 /* Profile.swift in Sources */ = {isa = PBXBuildFile; fileRef = BFCCA73C26AEFC62009201D1 /* Profile.swift */; };
		BFCCA74126AEFD8A009201D1 /* ProfileHost.swift in Sources */ = {isa = PBXBuildFile; fileRef = BFCCA74026AEFD8A009201D1 /* ProfileHost.swift */; };
		BFCCA74226AEFD8A009201D1 /* ProfileHost.swift in Sources */ = {isa = PBXBuildFile; fileRef = BFCCA74026AEFD8A009201D1 /* ProfileHost.swift */; };
		BFCCA74426AEFE0F009201D1 /* ProfileSummary.swift in Sources */ = {isa = PBXBuildFile; fileRef = BFCCA74326AEFE0F009201D1 /* ProfileSummary.swift */; };
		BFCCA74526AEFE0F009201D1 /* ProfileSummary.swift in Sources */ = {isa = PBXBuildFile; fileRef = BFCCA74326AEFE0F009201D1 /* ProfileSummary.swift */; };
/* End PBXBuildFile section */

/* Begin PBXContainerItemProxy section */
		BF25E00D266656C8006B2270 /* PBXContainerItemProxy */ = {
			isa = PBXContainerItemProxy;
			containerPortal = BF25DFF0266656C7006B2270 /* Project object */;
			proxyType = 1;
			remoteGlobalIDString = BF25DFFB266656C8006B2270;
			remoteInfo = "Landmarks (iOS)";
		};
		BF25E018266656C8006B2270 /* PBXContainerItemProxy */ = {
			isa = PBXContainerItemProxy;
			containerPortal = BF25DFF0266656C7006B2270 /* Project object */;
			proxyType = 1;
			remoteGlobalIDString = BF25E003266656C8006B2270;
			remoteInfo = "Landmarks (macOS)";
		};
/* End PBXContainerItemProxy section */

/* Begin PBXFileReference section */
		BF25DFF5266656C7006B2270 /* LandmarksApp.swift */ = {isa = PBXFileReference; lastKnownFileType = sourcecode.swift; path = LandmarksApp.swift; sourceTree = "<group>"; };
		BF25DFF6266656C7006B2270 /* ContentView.swift */ = {isa = PBXFileReference; lastKnownFileType = sourcecode.swift; path = ContentView.swift; sourceTree = "<group>"; };
		BF25DFF7266656C8006B2270 /* Assets.xcassets */ = {isa = PBXFileReference; lastKnownFileType = folder.assetcatalog; path = Assets.xcassets; sourceTree = "<group>"; };
		BF25DFFC266656C8006B2270 /* Landmarks.app */ = {isa = PBXFileReference; explicitFileType = wrapper.application; includeInIndex = 0; path = Landmarks.app; sourceTree = BUILT_PRODUCTS_DIR; };
		BF25DFFF266656C8006B2270 /* Info.plist */ = {isa = PBXFileReference; lastKnownFileType = text.plist.xml; path = Info.plist; sourceTree = "<group>"; };
		BF25E004266656C8006B2270 /* Landmarks.app */ = {isa = PBXFileReference; explicitFileType = wrapper.application; includeInIndex = 0; path = Landmarks.app; sourceTree = BUILT_PRODUCTS_DIR; };
		BF25E006266656C8006B2270 /* Info.plist */ = {isa = PBXFileReference; lastKnownFileType = text.plist.xml; path = Info.plist; sourceTree = "<group>"; };
		BF25E007266656C8006B2270 /* macOS.entitlements */ = {isa = PBXFileReference; lastKnownFileType = text.plist.entitlements; path = macOS.entitlements; sourceTree = "<group>"; };
		BF25E00C266656C8006B2270 /* Tests iOS.xctest */ = {isa = PBXFileReference; explicitFileType = wrapper.cfbundle; includeInIndex = 0; path = "Tests iOS.xctest"; sourceTree = BUILT_PRODUCTS_DIR; };
		BF25E010266656C8006B2270 /* Tests_iOS.swift */ = {isa = PBXFileReference; lastKnownFileType = sourcecode.swift; path = Tests_iOS.swift; sourceTree = "<group>"; };
		BF25E012266656C8006B2270 /* Info.plist */ = {isa = PBXFileReference; lastKnownFileType = text.plist.xml; path = Info.plist; sourceTree = "<group>"; };
		BF25E017266656C8006B2270 /* Tests macOS.xctest */ = {isa = PBXFileReference; explicitFileType = wrapper.cfbundle; includeInIndex = 0; path = "Tests macOS.xctest"; sourceTree = BUILT_PRODUCTS_DIR; };
		BF25E01B266656C8006B2270 /* Tests_macOS.swift */ = {isa = PBXFileReference; lastKnownFileType = sourcecode.swift; path = Tests_macOS.swift; sourceTree = "<group>"; };
		BF25E01D266656C8006B2270 /* Info.plist */ = {isa = PBXFileReference; lastKnownFileType = text.plist.xml; path = Info.plist; sourceTree = "<group>"; };
		BF25E032266663CD006B2270 /* CircleImage.swift */ = {isa = PBXFileReference; lastKnownFileType = sourcecode.swift; path = CircleImage.swift; sourceTree = "<group>"; };
		BF25E03526666F66006B2270 /* MapView.swift */ = {isa = PBXFileReference; lastKnownFileType = sourcecode.swift; path = MapView.swift; sourceTree = "<group>"; };
		BF92120A266FAC0E00E4D4C5 /* LandmarkList.swift */ = {isa = PBXFileReference; lastKnownFileType = sourcecode.swift; path = LandmarkList.swift; sourceTree = "<group>"; };
		BF971AD4268373CB001EC908 /* FavoriteButton.swift */ = {isa = PBXFileReference; lastKnownFileType = sourcecode.swift; path = FavoriteButton.swift; sourceTree = "<group>"; };
		BF99D86E266923A800EFC09D /* landmarkData.json */ = {isa = PBXFileReference; fileEncoding = 4; lastKnownFileType = text.json; path = landmarkData.json; sourceTree = "<group>"; };
		BF99D8712669249300EFC09D /* Landmark.swift */ = {isa = PBXFileReference; lastKnownFileType = sourcecode.swift; path = Landmark.swift; sourceTree = "<group>"; };
		BF99D874266A34BD00EFC09D /* ModelData.swift */ = {isa = PBXFileReference; lastKnownFileType = sourcecode.swift; path = ModelData.swift; sourceTree = "<group>"; };
		BF99D87A266BC81400EFC09D /* LandmarkRow.swift */ = {isa = PBXFileReference; lastKnownFileType = sourcecode.swift; path = LandmarkRow.swift; sourceTree = "<group>"; };
		BFB8422C26B03CDB002F1944 /* HikeBadge.swift */ = {isa = PBXFileReference; lastKnownFileType = sourcecode.swift; path = HikeBadge.swift; sourceTree = "<group>"; };
		BFBA90BA26B825D2000AA2A1 /* ProfileEditor.swift */ = {isa = PBXFileReference; lastKnownFileType = sourcecode.swift; path = ProfileEditor.swift; sourceTree = "<group>"; };
		BFBBA69626778D6C00168F24 /* SwiftUI-Essentials.md */ = {isa = PBXFileReference; fileEncoding = 4; lastKnownFileType = net.daringfireball.markdown; path = "SwiftUI-Essentials.md"; sourceTree = "<group>"; };
		BFBBA698267795A000168F24 /* LandmarkDetail.swift */ = {isa = PBXFileReference; lastKnownFileType = sourcecode.swift; path = LandmarkDetail.swift; sourceTree = "<group>"; };
		BFBC3EF7268CAF08002DE0E3 /* GraphCapsule.swift */ = {isa = PBXFileReference; fileEncoding = 4; lastKnownFileType = sourcecode.swift; path = GraphCapsule.swift; sourceTree = "<group>"; };
		BFBC3EF8268CAF08002DE0E3 /* HikeGraph.swift */ = {isa = PBXFileReference; fileEncoding = 4; lastKnownFileType = sourcecode.swift; path = HikeGraph.swift; sourceTree = "<group>"; };
		BFBC3EF9268CAF08002DE0E3 /* HikeDetail.swift */ = {isa = PBXFileReference; fileEncoding = 4; lastKnownFileType = sourcecode.swift; path = HikeDetail.swift; sourceTree = "<group>"; };
		BFBC3EFA268CAF08002DE0E3 /* HikeView.swift */ = {isa = PBXFileReference; fileEncoding = 4; lastKnownFileType = sourcecode.swift; path = HikeView.swift; sourceTree = "<group>"; };
		BFBC3F03268CAFF8002DE0E3 /* hikeData.json */ = {isa = PBXFileReference; fileEncoding = 4; lastKnownFileType = text.json; name = hikeData.json; path = ../../../../AnimatingViewsAndTransitions/Resources/hikeData.json; sourceTree = "<group>"; };
		BFBC3F06268CB04B002DE0E3 /* Hike.swift */ = {isa = PBXFileReference; lastKnownFileType = sourcecode.swift; path = Hike.swift; sourceTree = "<group>"; };
		BFBC3FDE269C80A40060B804 /* CategoryHome.swift */ = {isa = PBXFileReference; lastKnownFileType = sourcecode.swift; path = CategoryHome.swift; sourceTree = "<group>"; };
		BFBC3FE0269C85900060B804 /* CategoryRow.swift */ = {isa = PBXFileReference; lastKnownFileType = sourcecode.swift; path = CategoryRow.swift; sourceTree = "<group>"; };
		BFBC3FE2269C88130060B804 /* CategoryItem.swift */ = {isa = PBXFileReference; lastKnownFileType = sourcecode.swift; path = CategoryItem.swift; sourceTree = "<group>"; };
		BFBFE5F6268B54110021EFF1 /* HexagonParameters.swift */ = {isa = PBXFileReference; lastKnownFileType = sourcecode.swift; path = HexagonParameters.swift; sourceTree = "<group>"; };
		BFBFE5F9268B552D0021EFF1 /* BadgeBackground.swift */ = {isa = PBXFileReference; lastKnownFileType = sourcecode.swift; path = BadgeBackground.swift; sourceTree = "<group>"; };
		BFBFE5FD268B5D010021EFF1 /* BadgeSymbol.swift */ = {isa = PBXFileReference; lastKnownFileType = sourcecode.swift; path = BadgeSymbol.swift; sourceTree = "<group>"; };
		BFBFE600268B5DFA0021EFF1 /* RotatedBadgeSymbol.swift */ = {isa = PBXFileReference; lastKnownFileType = sourcecode.swift; path = RotatedBadgeSymbol.swift; sourceTree = "<group>"; };
		BFBFE603268B5E850021EFF1 /* Badge.swift */ = {isa = PBXFileReference; lastKnownFileType = sourcecode.swift; path = Badge.swift; sourceTree = "<group>"; };
		BFCCA73C26AEFC62009201D1 /* Profile.swift */ = {isa = PBXFileReference; lastKnownFileType = sourcecode.swift; path = Profile.swift; sourceTree = "<group>"; };
		BFCCA74026AEFD8A009201D1 /* ProfileHost.swift */ = {isa = PBXFileReference; lastKnownFileType = sourcecode.swift; path = ProfileHost.swift; sourceTree = "<group>"; };
		BFCCA74326AEFE0F009201D1 /* ProfileSummary.swift */ = {isa = PBXFileReference; lastKnownFileType = sourcecode.swift; path = ProfileSummary.swift; sourceTree = "<group>"; };
/* End PBXFileReference section */

/* Begin PBXFrameworksBuildPhase section */
		BF25DFF9266656C8006B2270 /* Frameworks */ = {
			isa = PBXFrameworksBuildPhase;
			buildActionMask = 2147483647;
			files = (
			);
			runOnlyForDeploymentPostprocessing = 0;
		};
		BF25E001266656C8006B2270 /* Frameworks */ = {
			isa = PBXFrameworksBuildPhase;
			buildActionMask = 2147483647;
			files = (
			);
			runOnlyForDeploymentPostprocessing = 0;
		};
		BF25E009266656C8006B2270 /* Frameworks */ = {
			isa = PBXFrameworksBuildPhase;
			buildActionMask = 2147483647;
			files = (
			);
			runOnlyForDeploymentPostprocessing = 0;
		};
		BF25E014266656C8006B2270 /* Frameworks */ = {
			isa = PBXFrameworksBuildPhase;
			buildActionMask = 2147483647;
			files = (
			);
			runOnlyForDeploymentPostprocessing = 0;
		};
/* End PBXFrameworksBuildPhase section */

/* Begin PBXGroup section */
		BF25DFEF266656C7006B2270 = {
			isa = PBXGroup;
			children = (
				BFBBA69626778D6C00168F24 /* SwiftUI-Essentials.md */,
				BF25DFF4266656C7006B2270 /* Shared */,
				BF25DFFE266656C8006B2270 /* iOS */,
				BF25E005266656C8006B2270 /* macOS */,
				BF25E00F266656C8006B2270 /* Tests iOS */,
				BF25E01A266656C8006B2270 /* Tests macOS */,
				BF25DFFD266656C8006B2270 /* Products */,
			);
			sourceTree = "<group>";
		};
		BF25DFF4266656C7006B2270 /* Shared */ = {
			isa = PBXGroup;
			children = (
				BF99D879266BBAE200EFC09D /* Resources */,
				BF99D878266BBADD00EFC09D /* Model */,
				BF99D877266BBAD500EFC09D /* Views */,
				BF25DFF5266656C7006B2270 /* LandmarksApp.swift */,
				BF25DFF7266656C8006B2270 /* Assets.xcassets */,
			);
			path = Shared;
			sourceTree = "<group>";
		};
		BF25DFFD266656C8006B2270 /* Products */ = {
			isa = PBXGroup;
			children = (
				BF25DFFC266656C8006B2270 /* Landmarks.app */,
				BF25E004266656C8006B2270 /* Landmarks.app */,
				BF25E00C266656C8006B2270 /* Tests iOS.xctest */,
				BF25E017266656C8006B2270 /* Tests macOS.xctest */,
			);
			name = Products;
			sourceTree = "<group>";
		};
		BF25DFFE266656C8006B2270 /* iOS */ = {
			isa = PBXGroup;
			children = (
				BF25DFFF266656C8006B2270 /* Info.plist */,
			);
			path = iOS;
			sourceTree = "<group>";
		};
		BF25E005266656C8006B2270 /* macOS */ = {
			isa = PBXGroup;
			children = (
				BF25E006266656C8006B2270 /* Info.plist */,
				BF25E007266656C8006B2270 /* macOS.entitlements */,
			);
			path = macOS;
			sourceTree = "<group>";
		};
		BF25E00F266656C8006B2270 /* Tests iOS */ = {
			isa = PBXGroup;
			children = (
				BF25E010266656C8006B2270 /* Tests_iOS.swift */,
				BF25E012266656C8006B2270 /* Info.plist */,
			);
			path = "Tests iOS";
			sourceTree = "<group>";
		};
		BF25E01A266656C8006B2270 /* Tests macOS */ = {
			isa = PBXGroup;
			children = (
				BF25E01B266656C8006B2270 /* Tests_macOS.swift */,
				BF25E01D266656C8006B2270 /* Info.plist */,
			);
			path = "Tests macOS";
			sourceTree = "<group>";
		};
		BF971AD62683770E001EC908 /* Landmarks */ = {
			isa = PBXGroup;
			children = (
				BF99D87A266BC81400EFC09D /* LandmarkRow.swift */,
				BF92120A266FAC0E00E4D4C5 /* LandmarkList.swift */,
				BFBBA698267795A000168F24 /* LandmarkDetail.swift */,
			);
			path = Landmarks;
			sourceTree = "<group>";
		};
		BF971AD726837713001EC908 /* Helpers */ = {
			isa = PBXGroup;
			children = (
				BF25E032266663CD006B2270 /* CircleImage.swift */,
				BF25E03526666F66006B2270 /* MapView.swift */,
				BF971AD4268373CB001EC908 /* FavoriteButton.swift */,
			);
			path = Helpers;
			sourceTree = "<group>";
		};
		BF99D877266BBAD500EFC09D /* Views */ = {
			isa = PBXGroup;
			children = (
				BFCCA73F26AEFD6C009201D1 /* Profiles */,
				BFBC3FDD269C808E0060B804 /* Categories */,
				BFBC3EF6268CAF08002DE0E3 /* Hikes */,
				BFBFE606268B608A0021EFF1 /* Badges */,
				BF25DFF6266656C7006B2270 /* ContentView.swift */,
				BF971AD726837713001EC908 /* Helpers */,
				BF971AD62683770E001EC908 /* Landmarks */,
			);
			path = Views;
			sourceTree = "<group>";
		};
		BF99D878266BBADD00EFC09D /* Model */ = {
			isa = PBXGroup;
			children = (
				BF99D8712669249300EFC09D /* Landmark.swift */,
				BF99D874266A34BD00EFC09D /* ModelData.swift */,
				BFBC3F06268CB04B002DE0E3 /* Hike.swift */,
				BFCCA73C26AEFC62009201D1 /* Profile.swift */,
			);
			path = Model;
			sourceTree = "<group>";
		};
		BF99D879266BBAE200EFC09D /* Resources */ = {
			isa = PBXGroup;
			children = (
				BFBC3F03268CAFF8002DE0E3 /* hikeData.json */,
				BF99D86E266923A800EFC09D /* landmarkData.json */,
			);
			path = Resources;
			sourceTree = "<group>";
		};
		BFBC3EF6268CAF08002DE0E3 /* Hikes */ = {
			isa = PBXGroup;
			children = (
				BFBC3EF7268CAF08002DE0E3 /* GraphCapsule.swift */,
				BFBC3EF8268CAF08002DE0E3 /* HikeGraph.swift */,
				BFBC3EF9268CAF08002DE0E3 /* HikeDetail.swift */,
				BFBC3EFA268CAF08002DE0E3 /* HikeView.swift */,
				BFB8422C26B03CDB002F1944 /* HikeBadge.swift */,
			);
			path = Hikes;
			sourceTree = "<group>";
		};
		BFBC3FDD269C808E0060B804 /* Categories */ = {
			isa = PBXGroup;
			children = (
				BFBC3FDE269C80A40060B804 /* CategoryHome.swift */,
				BFBC3FE0269C85900060B804 /* CategoryRow.swift */,
				BFBC3FE2269C88130060B804 /* CategoryItem.swift */,
			);
			path = Categories;
			sourceTree = "<group>";
		};
		BFBFE606268B608A0021EFF1 /* Badges */ = {
			isa = PBXGroup;
			children = (
				BFBFE5F6268B54110021EFF1 /* HexagonParameters.swift */,
				BFBFE5F9268B552D0021EFF1 /* BadgeBackground.swift */,
				BFBFE5FD268B5D010021EFF1 /* BadgeSymbol.swift */,
				BFBFE600268B5DFA0021EFF1 /* RotatedBadgeSymbol.swift */,
				BFBFE603268B5E850021EFF1 /* Badge.swift */,
			);
			path = Badges;
			sourceTree = "<group>";
		};
		BFCCA73F26AEFD6C009201D1 /* Profiles */ = {
			isa = PBXGroup;
			children = (
				BFCCA74026AEFD8A009201D1 /* ProfileHost.swift */,
				BFCCA74326AEFE0F009201D1 /* ProfileSummary.swift */,
				BFBA90BA26B825D2000AA2A1 /* ProfileEditor.swift */,
			);
			path = Profiles;
			sourceTree = "<group>";
		};
/* End PBXGroup section */

/* Begin PBXNativeTarget section */
		BF25DFFB266656C8006B2270 /* Landmarks (iOS) */ = {
			isa = PBXNativeTarget;
			buildConfigurationList = BF25E026266656C8006B2270 /* Build configuration list for PBXNativeTarget "Landmarks (iOS)" */;
			buildPhases = (
				BF25DFF8266656C8006B2270 /* Sources */,
				BF25DFF9266656C8006B2270 /* Frameworks */,
				BF25DFFA266656C8006B2270 /* Resources */,
			);
			buildRules = (
			);
			dependencies = (
			);
			name = "Landmarks (iOS)";
			productName = "Landmarks (iOS)";
			productReference = BF25DFFC266656C8006B2270 /* Landmarks.app */;
			productType = "com.apple.product-type.application";
		};
		BF25E003266656C8006B2270 /* Landmarks (macOS) */ = {
			isa = PBXNativeTarget;
			buildConfigurationList = BF25E029266656C8006B2270 /* Build configuration list for PBXNativeTarget "Landmarks (macOS)" */;
			buildPhases = (
				BF25E000266656C8006B2270 /* Sources */,
				BF25E001266656C8006B2270 /* Frameworks */,
				BF25E002266656C8006B2270 /* Resources */,
			);
			buildRules = (
			);
			dependencies = (
			);
			name = "Landmarks (macOS)";
			productName = "Landmarks (macOS)";
			productReference = BF25E004266656C8006B2270 /* Landmarks.app */;
			productType = "com.apple.product-type.application";
		};
		BF25E00B266656C8006B2270 /* Tests iOS */ = {
			isa = PBXNativeTarget;
			buildConfigurationList = BF25E02C266656C8006B2270 /* Build configuration list for PBXNativeTarget "Tests iOS" */;
			buildPhases = (
				BF25E008266656C8006B2270 /* Sources */,
				BF25E009266656C8006B2270 /* Frameworks */,
				BF25E00A266656C8006B2270 /* Resources */,
			);
			buildRules = (
			);
			dependencies = (
				BF25E00E266656C8006B2270 /* PBXTargetDependency */,
			);
			name = "Tests iOS";
			productName = "Tests iOS";
			productReference = BF25E00C266656C8006B2270 /* Tests iOS.xctest */;
			productType = "com.apple.product-type.bundle.ui-testing";
		};
		BF25E016266656C8006B2270 /* Tests macOS */ = {
			isa = PBXNativeTarget;
			buildConfigurationList = BF25E02F266656C8006B2270 /* Build configuration list for PBXNativeTarget "Tests macOS" */;
			buildPhases = (
				BF25E013266656C8006B2270 /* Sources */,
				BF25E014266656C8006B2270 /* Frameworks */,
				BF25E015266656C8006B2270 /* Resources */,
			);
			buildRules = (
			);
			dependencies = (
				BF25E019266656C8006B2270 /* PBXTargetDependency */,
			);
			name = "Tests macOS";
			productName = "Tests macOS";
			productReference = BF25E017266656C8006B2270 /* Tests macOS.xctest */;
			productType = "com.apple.product-type.bundle.ui-testing";
		};
/* End PBXNativeTarget section */

/* Begin PBXProject section */
		BF25DFF0266656C7006B2270 /* Project object */ = {
			isa = PBXProject;
			attributes = {
				LastSwiftUpdateCheck = 1250;
				LastUpgradeCheck = 1250;
				TargetAttributes = {
					BF25DFFB266656C8006B2270 = {
						CreatedOnToolsVersion = 12.5;
					};
					BF25E003266656C8006B2270 = {
						CreatedOnToolsVersion = 12.5;
					};
					BF25E00B266656C8006B2270 = {
						CreatedOnToolsVersion = 12.5;
						TestTargetID = BF25DFFB266656C8006B2270;
					};
					BF25E016266656C8006B2270 = {
						CreatedOnToolsVersion = 12.5;
						TestTargetID = BF25E003266656C8006B2270;
					};
				};
			};
			buildConfigurationList = BF25DFF3266656C7006B2270 /* Build configuration list for PBXProject "Landmarks" */;
			compatibilityVersion = "Xcode 9.3";
			developmentRegion = en;
			hasScannedForEncodings = 0;
			knownRegions = (
				en,
				Base,
			);
			mainGroup = BF25DFEF266656C7006B2270;
			productRefGroup = BF25DFFD266656C8006B2270 /* Products */;
			projectDirPath = "";
			projectRoot = "";
			targets = (
				BF25DFFB266656C8006B2270 /* Landmarks (iOS) */,
				BF25E003266656C8006B2270 /* Landmarks (macOS) */,
				BF25E00B266656C8006B2270 /* Tests iOS */,
				BF25E016266656C8006B2270 /* Tests macOS */,
			);
		};
/* End PBXProject section */

/* Begin PBXResourcesBuildPhase section */
		BF25DFFA266656C8006B2270 /* Resources */ = {
			isa = PBXResourcesBuildPhase;
			buildActionMask = 2147483647;
			files = (
				BFBC3F04268CAFF8002DE0E3 /* hikeData.json in Resources */,
				BF25E022266656C8006B2270 /* Assets.xcassets in Resources */,
				BFBBA69726778D6C00168F24 /* SwiftUI-Essentials.md in Resources */,
				BF99D86F266923A800EFC09D /* landmarkData.json in Resources */,
			);
			runOnlyForDeploymentPostprocessing = 0;
		};
		BF25E002266656C8006B2270 /* Resources */ = {
			isa = PBXResourcesBuildPhase;
			buildActionMask = 2147483647;
			files = (
				BF25E023266656C8006B2270 /* Assets.xcassets in Resources */,
				BFBC3F05268CAFF8002DE0E3 /* hikeData.json in Resources */,
				BF99D870266923A800EFC09D /* landmarkData.json in Resources */,
			);
			runOnlyForDeploymentPostprocessing = 0;
		};
		BF25E00A266656C8006B2270 /* Resources */ = {
			isa = PBXResourcesBuildPhase;
			buildActionMask = 2147483647;
			files = (
			);
			runOnlyForDeploymentPostprocessing = 0;
		};
		BF25E015266656C8006B2270 /* Resources */ = {
			isa = PBXResourcesBuildPhase;
			buildActionMask = 2147483647;
			files = (
			);
			runOnlyForDeploymentPostprocessing = 0;
		};
/* End PBXResourcesBuildPhase section */

/* Begin PBXSourcesBuildPhase section */
		BF25DFF8266656C8006B2270 /* Sources */ = {
			isa = PBXSourcesBuildPhase;
			buildActionMask = 2147483647;
			files = (
				BFBC3FE1269C85900060B804 /* CategoryRow.swift in Sources */,
				BFCCA73D26AEFC62009201D1 /* Profile.swift in Sources */,
				BF25E020266656C8006B2270 /* ContentView.swift in Sources */,
				BFBC3FDF269C80A40060B804 /* CategoryHome.swift in Sources */,
				BFBC3EFD268CAF08002DE0E3 /* HikeGraph.swift in Sources */,
				BFBFE604268B5E850021EFF1 /* Badge.swift in Sources */,
				BF25E03626666F66006B2270 /* MapView.swift in Sources */,
				BFBC3EFB268CAF08002DE0E3 /* GraphCapsule.swift in Sources */,
				BF25E01E266656C8006B2270 /* LandmarksApp.swift in Sources */,
				BF971AD5268373CB001EC908 /* FavoriteButton.swift in Sources */,
				BFBC3FE3269C88130060B804 /* CategoryItem.swift in Sources */,
				BFBC3EFF268CAF08002DE0E3 /* HikeDetail.swift in Sources */,
				BFCCA74426AEFE0F009201D1 /* ProfileSummary.swift in Sources */,
				BFBFE5F7268B54110021EFF1 /* HexagonParameters.swift in Sources */,
				BFCCA74126AEFD8A009201D1 /* ProfileHost.swift in Sources */,
				BFBFE601268B5DFA0021EFF1 /* RotatedBadgeSymbol.swift in Sources */,
				BFBC3F07268CB04B002DE0E3 /* Hike.swift in Sources */,
				BFBFE5FE268B5D010021EFF1 /* BadgeSymbol.swift in Sources */,
				BFBA90BB26B825D2000AA2A1 /* ProfileEditor.swift in Sources */,
				BF92120B266FAC0E00E4D4C5 /* LandmarkList.swift in Sources */,
				BFBC3F01268CAF08002DE0E3 /* HikeView.swift in Sources */,
				BFBBA699267795A000168F24 /* LandmarkDetail.swift in Sources */,
				BFBFE5FA268B552D0021EFF1 /* BadgeBackground.swift in Sources */,
				BFB8422D26B03CDB002F1944 /* HikeBadge.swift in Sources */,
				BF25E033266663CD006B2270 /* CircleImage.swift in Sources */,
				BF99D8722669249300EFC09D /* Landmark.swift in Sources */,
				BF99D87B266BC81400EFC09D /* LandmarkRow.swift in Sources */,
				BF99D875266A34BD00EFC09D /* ModelData.swift in Sources */,
			);
			runOnlyForDeploymentPostprocessing = 0;
		};
		BF25E000266656C8006B2270 /* Sources */ = {
			isa = PBXSourcesBuildPhase;
			buildActionMask = 2147483647;
			files = (
				BFBFE5F8268B54110021EFF1 /* HexagonParameters.swift in Sources */,
				BFCCA73E26AEFC62009201D1 /* Profile.swift in Sources */,
				BF25E021266656C8006B2270 /* ContentView.swift in Sources */,
				BF25E03726666F66006B2270 /* MapView.swift in Sources */,
				BFBC3F08268CB04B002DE0E3 /* Hike.swift in Sources */,
				BFBC3F02268CAF08002DE0E3 /* HikeView.swift in Sources */,
				BF25E01F266656C8006B2270 /* LandmarksApp.swift in Sources */,
				BF971AD826837723001EC908 /* FavoriteButton.swift in Sources */,
				BFBFE5FF268B5D010021EFF1 /* BadgeSymbol.swift in Sources */,
				BFB8422E26B03CDB002F1944 /* HikeBadge.swift in Sources */,
				BFCCA74226AEFD8A009201D1 /* ProfileHost.swift in Sources */,
				BFCCA74526AEFE0F009201D1 /* ProfileSummary.swift in Sources */,
				BF92120C266FAC0E00E4D4C5 /* LandmarkList.swift in Sources */,
				BFBFE605268B5E850021EFF1 /* Badge.swift in Sources */,
				BFBA90BC26B825D2000AA2A1 /* ProfileEditor.swift in Sources */,
				BFBFE5FB268B552D0021EFF1 /* BadgeBackground.swift in Sources */,
				BF25E034266663CD006B2270 /* CircleImage.swift in Sources */,
				BFBC3F00268CAF08002DE0E3 /* HikeDetail.swift in Sources */,
				BF99D8732669249300EFC09D /* Landmark.swift in Sources */,
				BFBC3EFC268CAF08002DE0E3 /* GraphCapsule.swift in Sources */,
				BFBFE602268B5DFA0021EFF1 /* RotatedBadgeSymbol.swift in Sources */,
				BF99D87C266BC81400EFC09D /* LandmarkRow.swift in Sources */,
				BF99D876266A34BD00EFC09D /* ModelData.swift in Sources */,
				BFBC3EFE268CAF08002DE0E3 /* HikeGraph.swift in Sources */,
			);
			runOnlyForDeploymentPostprocessing = 0;
		};
		BF25E008266656C8006B2270 /* Sources */ = {
			isa = PBXSourcesBuildPhase;
			buildActionMask = 2147483647;
			files = (
				BF25E011266656C8006B2270 /* Tests_iOS.swift in Sources */,
			);
			runOnlyForDeploymentPostprocessing = 0;
		};
		BF25E013266656C8006B2270 /* Sources */ = {
			isa = PBXSourcesBuildPhase;
			buildActionMask = 2147483647;
			files = (
				BF25E01C266656C8006B2270 /* Tests_macOS.swift in Sources */,
			);
			runOnlyForDeploymentPostprocessing = 0;
		};
/* End PBXSourcesBuildPhase section */

/* Begin PBXTargetDependency section */
		BF25E00E266656C8006B2270 /* PBXTargetDependency */ = {
			isa = PBXTargetDependency;
			target = BF25DFFB266656C8006B2270 /* Landmarks (iOS) */;
			targetProxy = BF25E00D266656C8006B2270 /* PBXContainerItemProxy */;
		};
		BF25E019266656C8006B2270 /* PBXTargetDependency */ = {
			isa = PBXTargetDependency;
			target = BF25E003266656C8006B2270 /* Landmarks (macOS) */;
			targetProxy = BF25E018266656C8006B2270 /* PBXContainerItemProxy */;
		};
/* End PBXTargetDependency section */

/* Begin XCBuildConfiguration section */
		BF25E024266656C8006B2270 /* Debug */ = {
			isa = XCBuildConfiguration;
			buildSettings = {
				ALWAYS_SEARCH_USER_PATHS = NO;
				CLANG_ANALYZER_NONNULL = YES;
				CLANG_ANALYZER_NUMBER_OBJECT_CONVERSION = YES_AGGRESSIVE;
				CLANG_CXX_LANGUAGE_STANDARD = "gnu++14";
				CLANG_CXX_LIBRARY = "libc++";
				CLANG_ENABLE_MODULES = YES;
				CLANG_ENABLE_OBJC_ARC = YES;
				CLANG_ENABLE_OBJC_WEAK = YES;
				CLANG_WARN_BLOCK_CAPTURE_AUTORELEASING = YES;
				CLANG_WARN_BOOL_CONVERSION = YES;
				CLANG_WARN_COMMA = YES;
				CLANG_WARN_CONSTANT_CONVERSION = YES;
				CLANG_WARN_DEPRECATED_OBJC_IMPLEMENTATIONS = YES;
				CLANG_WARN_DIRECT_OBJC_ISA_USAGE = YES_ERROR;
				CLANG_WARN_DOCUMENTATION_COMMENTS = YES;
				CLANG_WARN_EMPTY_BODY = YES;
				CLANG_WARN_ENUM_CONVERSION = YES;
				CLANG_WARN_INFINITE_RECURSION = YES;
				CLANG_WARN_INT_CONVERSION = YES;
				CLANG_WARN_NON_LITERAL_NULL_CONVERSION = YES;
				CLANG_WARN_OBJC_IMPLICIT_RETAIN_SELF = YES;
				CLANG_WARN_OBJC_LITERAL_CONVERSION = YES;
				CLANG_WARN_OBJC_ROOT_CLASS = YES_ERROR;
				CLANG_WARN_QUOTED_INCLUDE_IN_FRAMEWORK_HEADER = YES;
				CLANG_WARN_RANGE_LOOP_ANALYSIS = YES;
				CLANG_WARN_STRICT_PROTOTYPES = YES;
				CLANG_WARN_SUSPICIOUS_MOVE = YES;
				CLANG_WARN_UNGUARDED_AVAILABILITY = YES_AGGRESSIVE;
				CLANG_WARN_UNREACHABLE_CODE = YES;
				CLANG_WARN__DUPLICATE_METHOD_MATCH = YES;
				COPY_PHASE_STRIP = NO;
				DEBUG_INFORMATION_FORMAT = dwarf;
				ENABLE_STRICT_OBJC_MSGSEND = YES;
				ENABLE_TESTABILITY = YES;
				GCC_C_LANGUAGE_STANDARD = gnu11;
				GCC_DYNAMIC_NO_PIC = NO;
				GCC_NO_COMMON_BLOCKS = YES;
				GCC_OPTIMIZATION_LEVEL = 0;
				GCC_PREPROCESSOR_DEFINITIONS = (
					"DEBUG=1",
					"$(inherited)",
				);
				GCC_WARN_64_TO_32_BIT_CONVERSION = YES;
				GCC_WARN_ABOUT_RETURN_TYPE = YES_ERROR;
				GCC_WARN_UNDECLARED_SELECTOR = YES;
				GCC_WARN_UNINITIALIZED_AUTOS = YES_AGGRESSIVE;
				GCC_WARN_UNUSED_FUNCTION = YES;
				GCC_WARN_UNUSED_VARIABLE = YES;
				MTL_ENABLE_DEBUG_INFO = INCLUDE_SOURCE;
				MTL_FAST_MATH = YES;
				ONLY_ACTIVE_ARCH = YES;
				SWIFT_ACTIVE_COMPILATION_CONDITIONS = DEBUG;
				SWIFT_OPTIMIZATION_LEVEL = "-Onone";
			};
			name = Debug;
		};
		BF25E025266656C8006B2270 /* Release */ = {
			isa = XCBuildConfiguration;
			buildSettings = {
				ALWAYS_SEARCH_USER_PATHS = NO;
				CLANG_ANALYZER_NONNULL = YES;
				CLANG_ANALYZER_NUMBER_OBJECT_CONVERSION = YES_AGGRESSIVE;
				CLANG_CXX_LANGUAGE_STANDARD = "gnu++14";
				CLANG_CXX_LIBRARY = "libc++";
				CLANG_ENABLE_MODULES = YES;
				CLANG_ENABLE_OBJC_ARC = YES;
				CLANG_ENABLE_OBJC_WEAK = YES;
				CLANG_WARN_BLOCK_CAPTURE_AUTORELEASING = YES;
				CLANG_WARN_BOOL_CONVERSION = YES;
				CLANG_WARN_COMMA = YES;
				CLANG_WARN_CONSTANT_CONVERSION = YES;
				CLANG_WARN_DEPRECATED_OBJC_IMPLEMENTATIONS = YES;
				CLANG_WARN_DIRECT_OBJC_ISA_USAGE = YES_ERROR;
				CLANG_WARN_DOCUMENTATION_COMMENTS = YES;
				CLANG_WARN_EMPTY_BODY = YES;
				CLANG_WARN_ENUM_CONVERSION = YES;
				CLANG_WARN_INFINITE_RECURSION = YES;
				CLANG_WARN_INT_CONVERSION = YES;
				CLANG_WARN_NON_LITERAL_NULL_CONVERSION = YES;
				CLANG_WARN_OBJC_IMPLICIT_RETAIN_SELF = YES;
				CLANG_WARN_OBJC_LITERAL_CONVERSION = YES;
				CLANG_WARN_OBJC_ROOT_CLASS = YES_ERROR;
				CLANG_WARN_QUOTED_INCLUDE_IN_FRAMEWORK_HEADER = YES;
				CLANG_WARN_RANGE_LOOP_ANALYSIS = YES;
				CLANG_WARN_STRICT_PROTOTYPES = YES;
				CLANG_WARN_SUSPICIOUS_MOVE = YES;
				CLANG_WARN_UNGUARDED_AVAILABILITY = YES_AGGRESSIVE;
				CLANG_WARN_UNREACHABLE_CODE = YES;
				CLANG_WARN__DUPLICATE_METHOD_MATCH = YES;
				COPY_PHASE_STRIP = NO;
				DEBUG_INFORMATION_FORMAT = "dwarf-with-dsym";
				ENABLE_NS_ASSERTIONS = NO;
				ENABLE_STRICT_OBJC_MSGSEND = YES;
				GCC_C_LANGUAGE_STANDARD = gnu11;
				GCC_NO_COMMON_BLOCKS = YES;
				GCC_WARN_64_TO_32_BIT_CONVERSION = YES;
				GCC_WARN_ABOUT_RETURN_TYPE = YES_ERROR;
				GCC_WARN_UNDECLARED_SELECTOR = YES;
				GCC_WARN_UNINITIALIZED_AUTOS = YES_AGGRESSIVE;
				GCC_WARN_UNUSED_FUNCTION = YES;
				GCC_WARN_UNUSED_VARIABLE = YES;
				MTL_ENABLE_DEBUG_INFO = NO;
				MTL_FAST_MATH = YES;
				SWIFT_COMPILATION_MODE = wholemodule;
				SWIFT_OPTIMIZATION_LEVEL = "-O";
			};
			name = Release;
		};
		BF25E027266656C8006B2270 /* Debug */ = {
			isa = XCBuildConfiguration;
			buildSettings = {
				ASSETCATALOG_COMPILER_APPICON_NAME = AppIcon;
				ASSETCATALOG_COMPILER_GLOBAL_ACCENT_COLOR_NAME = AccentColor;
				CODE_SIGN_STYLE = Automatic;
				DEVELOPMENT_TEAM = LFZR92V6WF;
				ENABLE_PREVIEWS = YES;
				INFOPLIST_FILE = iOS/Info.plist;
				IPHONEOS_DEPLOYMENT_TARGET = 14.0;
				LD_RUNPATH_SEARCH_PATHS = (
					"$(inherited)",
					"@executable_path/Frameworks",
				);
				PRODUCT_BUNDLE_IDENTIFIER = imhans.Landmarks;
				PRODUCT_NAME = Landmarks;
				SDKROOT = iphoneos;
				SWIFT_VERSION = 5.0;
				TARGETED_DEVICE_FAMILY = "1,2";
			};
			name = Debug;
		};
		BF25E028266656C8006B2270 /* Release */ = {
			isa = XCBuildConfiguration;
			buildSettings = {
				ASSETCATALOG_COMPILER_APPICON_NAME = AppIcon;
				ASSETCATALOG_COMPILER_GLOBAL_ACCENT_COLOR_NAME = AccentColor;
				CODE_SIGN_STYLE = Automatic;
				DEVELOPMENT_TEAM = LFZR92V6WF;
				ENABLE_PREVIEWS = YES;
				INFOPLIST_FILE = iOS/Info.plist;
				IPHONEOS_DEPLOYMENT_TARGET = 14.0;
				LD_RUNPATH_SEARCH_PATHS = (
					"$(inherited)",
					"@executable_path/Frameworks",
				);
				PRODUCT_BUNDLE_IDENTIFIER = imhans.Landmarks;
				PRODUCT_NAME = Landmarks;
				SDKROOT = iphoneos;
				SWIFT_VERSION = 5.0;
				TARGETED_DEVICE_FAMILY = "1,2";
				VALIDATE_PRODUCT = YES;
			};
			name = Release;
		};
		BF25E02A266656C8006B2270 /* Debug */ = {
			isa = XCBuildConfiguration;
			buildSettings = {
				ASSETCATALOG_COMPILER_APPICON_NAME = AppIcon;
				ASSETCATALOG_COMPILER_GLOBAL_ACCENT_COLOR_NAME = AccentColor;
				CODE_SIGN_ENTITLEMENTS = macOS/macOS.entitlements;
				CODE_SIGN_STYLE = Automatic;
				COMBINE_HIDPI_IMAGES = YES;
				DEVELOPMENT_TEAM = LFZR92V6WF;
				ENABLE_HARDENED_RUNTIME = YES;
				ENABLE_PREVIEWS = YES;
				INFOPLIST_FILE = macOS/Info.plist;
				LD_RUNPATH_SEARCH_PATHS = (
					"$(inherited)",
					"@executable_path/../Frameworks",
				);
				MACOSX_DEPLOYMENT_TARGET = 11.0;
				PRODUCT_BUNDLE_IDENTIFIER = imhans.Landmarks;
				PRODUCT_NAME = Landmarks;
				SDKROOT = macosx;
				SWIFT_VERSION = 5.0;
			};
			name = Debug;
		};
		BF25E02B266656C8006B2270 /* Release */ = {
			isa = XCBuildConfiguration;
			buildSettings = {
				ASSETCATALOG_COMPILER_APPICON_NAME = AppIcon;
				ASSETCATALOG_COMPILER_GLOBAL_ACCENT_COLOR_NAME = AccentColor;
				CODE_SIGN_ENTITLEMENTS = macOS/macOS.entitlements;
				CODE_SIGN_STYLE = Automatic;
				COMBINE_HIDPI_IMAGES = YES;
				DEVELOPMENT_TEAM = LFZR92V6WF;
				ENABLE_HARDENED_RUNTIME = YES;
				ENABLE_PREVIEWS = YES;
				INFOPLIST_FILE = macOS/Info.plist;
				LD_RUNPATH_SEARCH_PATHS = (
					"$(inherited)",
					"@executable_path/../Frameworks",
				);
				MACOSX_DEPLOYMENT_TARGET = 11.0;
				PRODUCT_BUNDLE_IDENTIFIER = imhans.Landmarks;
				PRODUCT_NAME = Landmarks;
				SDKROOT = macosx;
				SWIFT_VERSION = 5.0;
			};
			name = Release;
		};
		BF25E02D266656C8006B2270 /* Debug */ = {
			isa = XCBuildConfiguration;
			buildSettings = {
				ALWAYS_EMBED_SWIFT_STANDARD_LIBRARIES = YES;
				CODE_SIGN_STYLE = Automatic;
				DEVELOPMENT_TEAM = LFZR92V6WF;
				INFOPLIST_FILE = "Tests iOS/Info.plist";
				IPHONEOS_DEPLOYMENT_TARGET = 14.5;
				LD_RUNPATH_SEARCH_PATHS = (
					"$(inherited)",
					"@executable_path/Frameworks",
					"@loader_path/Frameworks",
				);
				PRODUCT_BUNDLE_IDENTIFIER = "imhans.Tests-iOS";
				PRODUCT_NAME = "$(TARGET_NAME)";
				SDKROOT = iphoneos;
				SWIFT_VERSION = 5.0;
				TARGETED_DEVICE_FAMILY = "1,2";
				TEST_TARGET_NAME = "Landmarks (iOS)";
			};
			name = Debug;
		};
		BF25E02E266656C8006B2270 /* Release */ = {
			isa = XCBuildConfiguration;
			buildSettings = {
				ALWAYS_EMBED_SWIFT_STANDARD_LIBRARIES = YES;
				CODE_SIGN_STYLE = Automatic;
				DEVELOPMENT_TEAM = LFZR92V6WF;
				INFOPLIST_FILE = "Tests iOS/Info.plist";
				IPHONEOS_DEPLOYMENT_TARGET = 14.5;
				LD_RUNPATH_SEARCH_PATHS = (
					"$(inherited)",
					"@executable_path/Frameworks",
					"@loader_path/Frameworks",
				);
				PRODUCT_BUNDLE_IDENTIFIER = "imhans.Tests-iOS";
				PRODUCT_NAME = "$(TARGET_NAME)";
				SDKROOT = iphoneos;
				SWIFT_VERSION = 5.0;
				TARGETED_DEVICE_FAMILY = "1,2";
				TEST_TARGET_NAME = "Landmarks (iOS)";
				VALIDATE_PRODUCT = YES;
			};
			name = Release;
		};
		BF25E030266656C8006B2270 /* Debug */ = {
			isa = XCBuildConfiguration;
			buildSettings = {
				ALWAYS_EMBED_SWIFT_STANDARD_LIBRARIES = YES;
				CODE_SIGN_STYLE = Automatic;
				COMBINE_HIDPI_IMAGES = YES;
				DEVELOPMENT_TEAM = LFZR92V6WF;
				INFOPLIST_FILE = "Tests macOS/Info.plist";
				LD_RUNPATH_SEARCH_PATHS = (
					"$(inherited)",
					"@executable_path/../Frameworks",
					"@loader_path/../Frameworks",
				);
				MACOSX_DEPLOYMENT_TARGET = 11.3;
				PRODUCT_BUNDLE_IDENTIFIER = "imhans.Tests-macOS";
				PRODUCT_NAME = "$(TARGET_NAME)";
				SDKROOT = macosx;
				SWIFT_VERSION = 5.0;
				TEST_TARGET_NAME = "Landmarks (macOS)";
			};
			name = Debug;
		};
		BF25E031266656C8006B2270 /* Release */ = {
			isa = XCBuildConfiguration;
			buildSettings = {
				ALWAYS_EMBED_SWIFT_STANDARD_LIBRARIES = YES;
				CODE_SIGN_STYLE = Automatic;
				COMBINE_HIDPI_IMAGES = YES;
				DEVELOPMENT_TEAM = LFZR92V6WF;
				INFOPLIST_FILE = "Tests macOS/Info.plist";
				LD_RUNPATH_SEARCH_PATHS = (
					"$(inherited)",
					"@executable_path/../Frameworks",
					"@loader_path/../Frameworks",
				);
				MACOSX_DEPLOYMENT_TARGET = 11.3;
				PRODUCT_BUNDLE_IDENTIFIER = "imhans.Tests-macOS";
				PRODUCT_NAME = "$(TARGET_NAME)";
				SDKROOT = macosx;
				SWIFT_VERSION = 5.0;
				TEST_TARGET_NAME = "Landmarks (macOS)";
			};
			name = Release;
		};
/* End XCBuildConfiguration section */

/* Begin XCConfigurationList section */
		BF25DFF3266656C7006B2270 /* Build configuration list for PBXProject "Landmarks" */ = {
			isa = XCConfigurationList;
			buildConfigurations = (
				BF25E024266656C8006B2270 /* Debug */,
				BF25E025266656C8006B2270 /* Release */,
			);
			defaultConfigurationIsVisible = 0;
			defaultConfigurationName = Release;
		};
		BF25E026266656C8006B2270 /* Build configuration list for PBXNativeTarget "Landmarks (iOS)" */ = {
			isa = XCConfigurationList;
			buildConfigurations = (
				BF25E027266656C8006B2270 /* Debug */,
				BF25E028266656C8006B2270 /* Release */,
			);
			defaultConfigurationIsVisible = 0;
			defaultConfigurationName = Release;
		};
		BF25E029266656C8006B2270 /* Build configuration list for PBXNativeTarget "Landmarks (macOS)" */ = {
			isa = XCConfigurationList;
			buildConfigurations = (
				BF25E02A266656C8006B2270 /* Debug */,
				BF25E02B266656C8006B2270 /* Release */,
			);
			defaultConfigurationIsVisible = 0;
			defaultConfigurationName = Release;
		};
		BF25E02C266656C8006B2270 /* Build configuration list for PBXNativeTarget "Tests iOS" */ = {
			isa = XCConfigurationList;
			buildConfigurations = (
				BF25E02D266656C8006B2270 /* Debug */,
				BF25E02E266656C8006B2270 /* Release */,
			);
			defaultConfigurationIsVisible = 0;
			defaultConfigurationName = Release;
		};
		BF25E02F266656C8006B2270 /* Build configuration list for PBXNativeTarget "Tests macOS" */ = {
			isa = XCConfigurationList;
			buildConfigurations = (
				BF25E030266656C8006B2270 /* Debug */,
				BF25E031266656C8006B2270 /* Release */,
			);
			defaultConfigurationIsVisible = 0;
			defaultConfigurationName = Release;
		};
/* End XCConfigurationList section */
	};
	rootObject = BF25DFF0266656C7006B2270 /* Project object */;
}
