// !$*UTF8*$!
{
	archiveVersion = 1;
	classes = {
	};
	objectVersion = 50;
	objects = {

/* Begin PBXBuildFile section */
		BF97C41226CE987A009C3697 /* Color+Codable.swift in Sources */ = {isa = PBXBuildFile; fileRef = BF97C41126CE987A009C3697 /* Color+Codable.swift */; };
		BF97C41326CE987A009C3697 /* Color+Codable.swift in Sources */ = {isa = PBXBuildFile; fileRef = BF97C41126CE987A009C3697 /* Color+Codable.swift */; };
		BF97C41526CE9BC0009C3697 /* ScrumsView.swift in Sources */ = {isa = PBXBuildFile; fileRef = BF97C41426CE9BC0009C3697 /* ScrumsView.swift */; };
		BF97C41626CE9BC0009C3697 /* ScrumsView.swift in Sources */ = {isa = PBXBuildFile; fileRef = BF97C41426CE9BC0009C3697 /* ScrumsView.swift */; };
		BFC3D6E726DBB22A00B69534 /* DetailView.swift in Sources */ = {isa = PBXBuildFile; fileRef = BFC3D6E626DBB22A00B69534 /* DetailView.swift */; };
		BFC3D6E826DBB22A00B69534 /* DetailView.swift in Sources */ = {isa = PBXBuildFile; fileRef = BFC3D6E626DBB22A00B69534 /* DetailView.swift */; };
		BFC89FC126CBDF6E0076D2A8 /* ScrumdingerApp.swift in Sources */ = {isa = PBXBuildFile; fileRef = BFC89FAE26CBDF6D0076D2A8 /* ScrumdingerApp.swift */; };
		BFC89FC226CBDF6E0076D2A8 /* ScrumdingerApp.swift in Sources */ = {isa = PBXBuildFile; fileRef = BFC89FAE26CBDF6D0076D2A8 /* ScrumdingerApp.swift */; };
		BFC89FC326CBDF6E0076D2A8 /* MeetingView.swift in Sources */ = {isa = PBXBuildFile; fileRef = BFC89FAF26CBDF6D0076D2A8 /* MeetingView.swift */; };
		BFC89FC426CBDF6E0076D2A8 /* MeetingView.swift in Sources */ = {isa = PBXBuildFile; fileRef = BFC89FAF26CBDF6D0076D2A8 /* MeetingView.swift */; };
		BFC89FC526CBDF6E0076D2A8 /* Assets.xcassets in Resources */ = {isa = PBXBuildFile; fileRef = BFC89FB026CBDF6E0076D2A8 /* Assets.xcassets */; };
		BFC89FC626CBDF6E0076D2A8 /* Assets.xcassets in Resources */ = {isa = PBXBuildFile; fileRef = BFC89FB026CBDF6E0076D2A8 /* Assets.xcassets */; };
		BFC89FD026CBE74B0076D2A8 /* DailyScrum.swift in Sources */ = {isa = PBXBuildFile; fileRef = BFC89FCF26CBE74B0076D2A8 /* DailyScrum.swift */; };
		BFC89FD126CBE74B0076D2A8 /* DailyScrum.swift in Sources */ = {isa = PBXBuildFile; fileRef = BFC89FCF26CBE74B0076D2A8 /* DailyScrum.swift */; };
		BFC89FD326CBEA270076D2A8 /* CardView.swift in Sources */ = {isa = PBXBuildFile; fileRef = BFC89FD226CBEA270076D2A8 /* CardView.swift */; };
		BFC89FD426CBEA270076D2A8 /* CardView.swift in Sources */ = {isa = PBXBuildFile; fileRef = BFC89FD226CBEA270076D2A8 /* CardView.swift */; };
/* End PBXBuildFile section */

/* Begin PBXFileReference section */
		BF97C41126CE987A009C3697 /* Color+Codable.swift */ = {isa = PBXFileReference; fileEncoding = 4; lastKnownFileType = sourcecode.swift; path = "Color+Codable.swift"; sourceTree = "<group>"; };
		BF97C41426CE9BC0009C3697 /* ScrumsView.swift */ = {isa = PBXFileReference; lastKnownFileType = sourcecode.swift; path = ScrumsView.swift; sourceTree = "<group>"; };
		BFC3D6E626DBB22A00B69534 /* DetailView.swift */ = {isa = PBXFileReference; lastKnownFileType = sourcecode.swift; path = DetailView.swift; sourceTree = "<group>"; };
		BFC89FAE26CBDF6D0076D2A8 /* ScrumdingerApp.swift */ = {isa = PBXFileReference; lastKnownFileType = sourcecode.swift; path = ScrumdingerApp.swift; sourceTree = "<group>"; };
		BFC89FAF26CBDF6D0076D2A8 /* MeetingView.swift */ = {isa = PBXFileReference; lastKnownFileType = sourcecode.swift; path = MeetingView.swift; sourceTree = "<group>"; };
		BFC89FB026CBDF6E0076D2A8 /* Assets.xcassets */ = {isa = PBXFileReference; lastKnownFileType = folder.assetcatalog; path = Assets.xcassets; sourceTree = "<group>"; };
		BFC89FB526CBDF6E0076D2A8 /* Scrumdinger.app */ = {isa = PBXFileReference; explicitFileType = wrapper.application; includeInIndex = 0; path = Scrumdinger.app; sourceTree = BUILT_PRODUCTS_DIR; };
		BFC89FB826CBDF6E0076D2A8 /* Info.plist */ = {isa = PBXFileReference; lastKnownFileType = text.plist.xml; path = Info.plist; sourceTree = "<group>"; };
		BFC89FBD26CBDF6E0076D2A8 /* Scrumdinger.app */ = {isa = PBXFileReference; explicitFileType = wrapper.application; includeInIndex = 0; path = Scrumdinger.app; sourceTree = BUILT_PRODUCTS_DIR; };
		BFC89FBF26CBDF6E0076D2A8 /* Info.plist */ = {isa = PBXFileReference; lastKnownFileType = text.plist.xml; path = Info.plist; sourceTree = "<group>"; };
		BFC89FC026CBDF6E0076D2A8 /* macOS.entitlements */ = {isa = PBXFileReference; lastKnownFileType = text.plist.entitlements; path = macOS.entitlements; sourceTree = "<group>"; };
		BFC89FCF26CBE74B0076D2A8 /* DailyScrum.swift */ = {isa = PBXFileReference; lastKnownFileType = sourcecode.swift; path = DailyScrum.swift; sourceTree = "<group>"; };
		BFC89FD226CBEA270076D2A8 /* CardView.swift */ = {isa = PBXFileReference; lastKnownFileType = sourcecode.swift; path = CardView.swift; sourceTree = "<group>"; };
/* End PBXFileReference section */

/* Begin PBXFrameworksBuildPhase section */
		BFC89FB226CBDF6E0076D2A8 /* Frameworks */ = {
			isa = PBXFrameworksBuildPhase;
			buildActionMask = 2147483647;
			files = (
			);
			runOnlyForDeploymentPostprocessing = 0;
		};
		BFC89FBA26CBDF6E0076D2A8 /* Frameworks */ = {
			isa = PBXFrameworksBuildPhase;
			buildActionMask = 2147483647;
			files = (
			);
			runOnlyForDeploymentPostprocessing = 0;
		};
/* End PBXFrameworksBuildPhase section */

/* Begin PBXGroup section */
		BF97C41026CE987A009C3697 /* Models */ = {
			isa = PBXGroup;
			children = (
				BF97C41126CE987A009C3697 /* Color+Codable.swift */,
			);
			path = Models;
			sourceTree = "<group>";
		};
		BFC89FA826CBDF6D0076D2A8 = {
			isa = PBXGroup;
			children = (
				BFC89FAD26CBDF6D0076D2A8 /* Shared */,
				BFC89FB726CBDF6E0076D2A8 /* iOS */,
				BFC89FBE26CBDF6E0076D2A8 /* macOS */,
				BFC89FB626CBDF6E0076D2A8 /* Products */,
			);
			sourceTree = "<group>";
		};
		BFC89FAD26CBDF6D0076D2A8 /* Shared */ = {
			isa = PBXGroup;
			children = (
				BF97C41026CE987A009C3697 /* Models */,
				BFC89FAE26CBDF6D0076D2A8 /* ScrumdingerApp.swift */,
				BFC89FAF26CBDF6D0076D2A8 /* MeetingView.swift */,
				BFC89FB026CBDF6E0076D2A8 /* Assets.xcassets */,
				BFC89FCF26CBE74B0076D2A8 /* DailyScrum.swift */,
				BFC89FD226CBEA270076D2A8 /* CardView.swift */,
				BF97C41426CE9BC0009C3697 /* ScrumsView.swift */,
				BFC3D6E626DBB22A00B69534 /* DetailView.swift */,
			);
			path = Shared;
			sourceTree = "<group>";
		};
		BFC89FB626CBDF6E0076D2A8 /* Products */ = {
			isa = PBXGroup;
			children = (
				BFC89FB526CBDF6E0076D2A8 /* Scrumdinger.app */,
				BFC89FBD26CBDF6E0076D2A8 /* Scrumdinger.app */,
			);
			name = Products;
			sourceTree = "<group>";
		};
		BFC89FB726CBDF6E0076D2A8 /* iOS */ = {
			isa = PBXGroup;
			children = (
				BFC89FB826CBDF6E0076D2A8 /* Info.plist */,
			);
			path = iOS;
			sourceTree = "<group>";
		};
		BFC89FBE26CBDF6E0076D2A8 /* macOS */ = {
			isa = PBXGroup;
			children = (
				BFC89FBF26CBDF6E0076D2A8 /* Info.plist */,
				BFC89FC026CBDF6E0076D2A8 /* macOS.entitlements */,
			);
			path = macOS;
			sourceTree = "<group>";
		};
/* End PBXGroup section */

/* Begin PBXNativeTarget section */
		BFC89FB426CBDF6E0076D2A8 /* Scrumdinger (iOS) */ = {
			isa = PBXNativeTarget;
			buildConfigurationList = BFC89FC926CBDF6E0076D2A8 /* Build configuration list for PBXNativeTarget "Scrumdinger (iOS)" */;
			buildPhases = (
				BFC89FB126CBDF6E0076D2A8 /* Sources */,
				BFC89FB226CBDF6E0076D2A8 /* Frameworks */,
				BFC89FB326CBDF6E0076D2A8 /* Resources */,
			);
			buildRules = (
			);
			dependencies = (
			);
			name = "Scrumdinger (iOS)";
			productName = "Scrumdinger (iOS)";
			productReference = BFC89FB526CBDF6E0076D2A8 /* Scrumdinger.app */;
			productType = "com.apple.product-type.application";
		};
		BFC89FBC26CBDF6E0076D2A8 /* Scrumdinger (macOS) */ = {
			isa = PBXNativeTarget;
			buildConfigurationList = BFC89FCC26CBDF6E0076D2A8 /* Build configuration list for PBXNativeTarget "Scrumdinger (macOS)" */;
			buildPhases = (
				BFC89FB926CBDF6E0076D2A8 /* Sources */,
				BFC89FBA26CBDF6E0076D2A8 /* Frameworks */,
				BFC89FBB26CBDF6E0076D2A8 /* Resources */,
			);
			buildRules = (
			);
			dependencies = (
			);
			name = "Scrumdinger (macOS)";
			productName = "Scrumdinger (macOS)";
			productReference = BFC89FBD26CBDF6E0076D2A8 /* Scrumdinger.app */;
			productType = "com.apple.product-type.application";
		};
/* End PBXNativeTarget section */

/* Begin PBXProject section */
		BFC89FA926CBDF6D0076D2A8 /* Project object */ = {
			isa = PBXProject;
			attributes = {
				LastSwiftUpdateCheck = 1250;
				LastUpgradeCheck = 1250;
				TargetAttributes = {
					BFC89FB426CBDF6E0076D2A8 = {
						CreatedOnToolsVersion = 12.5;
					};
					BFC89FBC26CBDF6E0076D2A8 = {
						CreatedOnToolsVersion = 12.5;
					};
				};
			};
			buildConfigurationList = BFC89FAC26CBDF6D0076D2A8 /* Build configuration list for PBXProject "Scrumdinger" */;
			compatibilityVersion = "Xcode 9.3";
			developmentRegion = en;
			hasScannedForEncodings = 0;
			knownRegions = (
				en,
				Base,
			);
			mainGroup = BFC89FA826CBDF6D0076D2A8;
			productRefGroup = BFC89FB626CBDF6E0076D2A8 /* Products */;
			projectDirPath = "";
			projectRoot = "";
			targets = (
				BFC89FB426CBDF6E0076D2A8 /* Scrumdinger (iOS) */,
				BFC89FBC26CBDF6E0076D2A8 /* Scrumdinger (macOS) */,
			);
		};
/* End PBXProject section */

/* Begin PBXResourcesBuildPhase section */
		BFC89FB326CBDF6E0076D2A8 /* Resources */ = {
			isa = PBXResourcesBuildPhase;
			buildActionMask = 2147483647;
			files = (
				BFC89FC526CBDF6E0076D2A8 /* Assets.xcassets in Resources */,
			);
			runOnlyForDeploymentPostprocessing = 0;
		};
		BFC89FBB26CBDF6E0076D2A8 /* Resources */ = {
			isa = PBXResourcesBuildPhase;
			buildActionMask = 2147483647;
			files = (
				BFC89FC626CBDF6E0076D2A8 /* Assets.xcassets in Resources */,
			);
			runOnlyForDeploymentPostprocessing = 0;
		};
/* End PBXResourcesBuildPhase section */

/* Begin PBXSourcesBuildPhase section */
		BFC89FB126CBDF6E0076D2A8 /* Sources */ = {
			isa = PBXSourcesBuildPhase;
			buildActionMask = 2147483647;
			files = (
				BFC89FC326CBDF6E0076D2A8 /* MeetingView.swift in Sources */,
				BF97C41526CE9BC0009C3697 /* ScrumsView.swift in Sources */,
				BFC89FD026CBE74B0076D2A8 /* DailyScrum.swift in Sources */,
				BFC3D6E726DBB22A00B69534 /* DetailView.swift in Sources */,
				BFC89FD326CBEA270076D2A8 /* CardView.swift in Sources */,
				BF97C41226CE987A009C3697 /* Color+Codable.swift in Sources */,
				BFC89FC126CBDF6E0076D2A8 /* ScrumdingerApp.swift in Sources */,
			);
			runOnlyForDeploymentPostprocessing = 0;
		};
		BFC89FB926CBDF6E0076D2A8 /* Sources */ = {
			isa = PBXSourcesBuildPhase;
			buildActionMask = 2147483647;
			files = (
				BFC89FC426CBDF6E0076D2A8 /* MeetingView.swift in Sources */,
				BF97C41626CE9BC0009C3697 /* ScrumsView.swift in Sources */,
				BFC89FD126CBE74B0076D2A8 /* DailyScrum.swift in Sources */,
				BFC3D6E826DBB22A00B69534 /* DetailView.swift in Sources */,
				BFC89FD426CBEA270076D2A8 /* CardView.swift in Sources */,
				BF97C41326CE987A009C3697 /* Color+Codable.swift in Sources */,
				BFC89FC226CBDF6E0076D2A8 /* ScrumdingerApp.swift in Sources */,
			);
			runOnlyForDeploymentPostprocessing = 0;
		};
/* End PBXSourcesBuildPhase section */

/* Begin XCBuildConfiguration section */
		BFC89FC726CBDF6E0076D2A8 /* Debug */ = {
			isa = XCBuildConfiguration;
			buildSettings = {
				ALWAYS_SEARCH_USER_PATHS = NO;
				CLANG_ANALYZER_NONNULL = YES;
				CLANG_ANALYZER_NUMBER_OBJECT_CONVERSION = YES_AGGRESSIVE;
				CLANG_CXX_LANGUAGE_STANDARD = "gnu++14";
				CLANG_CXX_LIBRARY = "libc++";
				CLANG_ENABLE_MODULES = YES;
				CLANG_ENABLE_OBJC_ARC = YES;
				CLANG_ENABLE_OBJC_WEAK = YES;
				CLANG_WARN_BLOCK_CAPTURE_AUTORELEASING = YES;
				CLANG_WARN_BOOL_CONVERSION = YES;
				CLANG_WARN_COMMA = YES;
				CLANG_WARN_CONSTANT_CONVERSION = YES;
				CLANG_WARN_DEPRECATED_OBJC_IMPLEMENTATIONS = YES;
				CLANG_WARN_DIRECT_OBJC_ISA_USAGE = YES_ERROR;
				CLANG_WARN_DOCUMENTATION_COMMENTS = YES;
				CLANG_WARN_EMPTY_BODY = YES;
				CLANG_WARN_ENUM_CONVERSION = YES;
				CLANG_WARN_INFINITE_RECURSION = YES;
				CLANG_WARN_INT_CONVERSION = YES;
				CLANG_WARN_NON_LITERAL_NULL_CONVERSION = YES;
				CLANG_WARN_OBJC_IMPLICIT_RETAIN_SELF = YES;
				CLANG_WARN_OBJC_LITERAL_CONVERSION = YES;
				CLANG_WARN_OBJC_ROOT_CLASS = YES_ERROR;
				CLANG_WARN_QUOTED_INCLUDE_IN_FRAMEWORK_HEADER = YES;
				CLANG_WARN_RANGE_LOOP_ANALYSIS = YES;
				CLANG_WARN_STRICT_PROTOTYPES = YES;
				CLANG_WARN_SUSPICIOUS_MOVE = YES;
				CLANG_WARN_UNGUARDED_AVAILABILITY = YES_AGGRESSIVE;
				CLANG_WARN_UNREACHABLE_CODE = YES;
				CLANG_WARN__DUPLICATE_METHOD_MATCH = YES;
				COPY_PHASE_STRIP = NO;
				DEBUG_INFORMATION_FORMAT = dwarf;
				ENABLE_STRICT_OBJC_MSGSEND = YES;
				ENABLE_TESTABILITY = YES;
				GCC_C_LANGUAGE_STANDARD = gnu11;
				GCC_DYNAMIC_NO_PIC = NO;
				GCC_NO_COMMON_BLOCKS = YES;
				GCC_OPTIMIZATION_LEVEL = 0;
				GCC_PREPROCESSOR_DEFINITIONS = (
					"DEBUG=1",
					"$(inherited)",
				);
				GCC_WARN_64_TO_32_BIT_CONVERSION = YES;
				GCC_WARN_ABOUT_RETURN_TYPE = YES_ERROR;
				GCC_WARN_UNDECLARED_SELECTOR = YES;
				GCC_WARN_UNINITIALIZED_AUTOS = YES_AGGRESSIVE;
				GCC_WARN_UNUSED_FUNCTION = YES;
				GCC_WARN_UNUSED_VARIABLE = YES;
				MTL_ENABLE_DEBUG_INFO = INCLUDE_SOURCE;
				MTL_FAST_MATH = YES;
				ONLY_ACTIVE_ARCH = YES;
				SWIFT_ACTIVE_COMPILATION_CONDITIONS = DEBUG;
				SWIFT_OPTIMIZATION_LEVEL = "-Onone";
			};
			name = Debug;
		};
		BFC89FC826CBDF6E0076D2A8 /* Release */ = {
			isa = XCBuildConfiguration;
			buildSettings = {
				ALWAYS_SEARCH_USER_PATHS = NO;
				CLANG_ANALYZER_NONNULL = YES;
				CLANG_ANALYZER_NUMBER_OBJECT_CONVERSION = YES_AGGRESSIVE;
				CLANG_CXX_LANGUAGE_STANDARD = "gnu++14";
				CLANG_CXX_LIBRARY = "libc++";
				CLANG_ENABLE_MODULES = YES;
				CLANG_ENABLE_OBJC_ARC = YES;
				CLANG_ENABLE_OBJC_WEAK = YES;
				CLANG_WARN_BLOCK_CAPTURE_AUTORELEASING = YES;
				CLANG_WARN_BOOL_CONVERSION = YES;
				CLANG_WARN_COMMA = YES;
				CLANG_WARN_CONSTANT_CONVERSION = YES;
				CLANG_WARN_DEPRECATED_OBJC_IMPLEMENTATIONS = YES;
				CLANG_WARN_DIRECT_OBJC_ISA_USAGE = YES_ERROR;
				CLANG_WARN_DOCUMENTATION_COMMENTS = YES;
				CLANG_WARN_EMPTY_BODY = YES;
				CLANG_WARN_ENUM_CONVERSION = YES;
				CLANG_WARN_INFINITE_RECURSION = YES;
				CLANG_WARN_INT_CONVERSION = YES;
				CLANG_WARN_NON_LITERAL_NULL_CONVERSION = YES;
				CLANG_WARN_OBJC_IMPLICIT_RETAIN_SELF = YES;
				CLANG_WARN_OBJC_LITERAL_CONVERSION = YES;
				CLANG_WARN_OBJC_ROOT_CLASS = YES_ERROR;
				CLANG_WARN_QUOTED_INCLUDE_IN_FRAMEWORK_HEADER = YES;
				CLANG_WARN_RANGE_LOOP_ANALYSIS = YES;
				CLANG_WARN_STRICT_PROTOTYPES = YES;
				CLANG_WARN_SUSPICIOUS_MOVE = YES;
				CLANG_WARN_UNGUARDED_AVAILABILITY = YES_AGGRESSIVE;
				CLANG_WARN_UNREACHABLE_CODE = YES;
				CLANG_WARN__DUPLICATE_METHOD_MATCH = YES;
				COPY_PHASE_STRIP = NO;
				DEBUG_INFORMATION_FORMAT = "dwarf-with-dsym";
				ENABLE_NS_ASSERTIONS = NO;
				ENABLE_STRICT_OBJC_MSGSEND = YES;
				GCC_C_LANGUAGE_STANDARD = gnu11;
				GCC_NO_COMMON_BLOCKS = YES;
				GCC_WARN_64_TO_32_BIT_CONVERSION = YES;
				GCC_WARN_ABOUT_RETURN_TYPE = YES_ERROR;
				GCC_WARN_UNDECLARED_SELECTOR = YES;
				GCC_WARN_UNINITIALIZED_AUTOS = YES_AGGRESSIVE;
				GCC_WARN_UNUSED_FUNCTION = YES;
				GCC_WARN_UNUSED_VARIABLE = YES;
				MTL_ENABLE_DEBUG_INFO = NO;
				MTL_FAST_MATH = YES;
				SWIFT_COMPILATION_MODE = wholemodule;
				SWIFT_OPTIMIZATION_LEVEL = "-O";
			};
			name = Release;
		};
		BFC89FCA26CBDF6E0076D2A8 /* Debug */ = {
			isa = XCBuildConfiguration;
			buildSettings = {
				ASSETCATALOG_COMPILER_APPICON_NAME = AppIcon;
				ASSETCATALOG_COMPILER_GLOBAL_ACCENT_COLOR_NAME = AccentColor;
				CODE_SIGN_STYLE = Automatic;
				DEVELOPMENT_TEAM = LFZR92V6WF;
				ENABLE_PREVIEWS = YES;
				INFOPLIST_FILE = iOS/Info.plist;
				IPHONEOS_DEPLOYMENT_TARGET = 14.0;
				LD_RUNPATH_SEARCH_PATHS = (
					"$(inherited)",
					"@executable_path/Frameworks",
				);
				PRODUCT_BUNDLE_IDENTIFIER = imhans.SwiftUI.tutorial.Scrumdinger;
				PRODUCT_NAME = Scrumdinger;
				SDKROOT = iphoneos;
				SWIFT_VERSION = 5.0;
				TARGETED_DEVICE_FAMILY = "1,2";
			};
			name = Debug;
		};
		BFC89FCB26CBDF6E0076D2A8 /* Release */ = {
			isa = XCBuildConfiguration;
			buildSettings = {
				ASSETCATALOG_COMPILER_APPICON_NAME = AppIcon;
				ASSETCATALOG_COMPILER_GLOBAL_ACCENT_COLOR_NAME = AccentColor;
				CODE_SIGN_STYLE = Automatic;
				DEVELOPMENT_TEAM = LFZR92V6WF;
				ENABLE_PREVIEWS = YES;
				INFOPLIST_FILE = iOS/Info.plist;
				IPHONEOS_DEPLOYMENT_TARGET = 14.0;
				LD_RUNPATH_SEARCH_PATHS = (
					"$(inherited)",
					"@executable_path/Frameworks",
				);
				PRODUCT_BUNDLE_IDENTIFIER = imhans.SwiftUI.tutorial.Scrumdinger;
				PRODUCT_NAME = Scrumdinger;
				SDKROOT = iphoneos;
				SWIFT_VERSION = 5.0;
				TARGETED_DEVICE_FAMILY = "1,2";
				VALIDATE_PRODUCT = YES;
			};
			name = Release;
		};
		BFC89FCD26CBDF6E0076D2A8 /* Debug */ = {
			isa = XCBuildConfiguration;
			buildSettings = {
				ASSETCATALOG_COMPILER_APPICON_NAME = AppIcon;
				ASSETCATALOG_COMPILER_GLOBAL_ACCENT_COLOR_NAME = AccentColor;
				CODE_SIGN_ENTITLEMENTS = macOS/macOS.entitlements;
				CODE_SIGN_STYLE = Automatic;
				COMBINE_HIDPI_IMAGES = YES;
				DEVELOPMENT_TEAM = LFZR92V6WF;
				ENABLE_HARDENED_RUNTIME = YES;
				ENABLE_PREVIEWS = YES;
				INFOPLIST_FILE = macOS/Info.plist;
				LD_RUNPATH_SEARCH_PATHS = (
					"$(inherited)",
					"@executable_path/../Frameworks",
				);
				MACOSX_DEPLOYMENT_TARGET = 11.0;
				PRODUCT_BUNDLE_IDENTIFIER = imhans.SwiftUI.tutorial.Scrumdinger;
				PRODUCT_NAME = Scrumdinger;
				SDKROOT = macosx;
				SWIFT_VERSION = 5.0;
			};
			name = Debug;
		};
		BFC89FCE26CBDF6E0076D2A8 /* Release */ = {
			isa = XCBuildConfiguration;
			buildSettings = {
				ASSETCATALOG_COMPILER_APPICON_NAME = AppIcon;
				ASSETCATALOG_COMPILER_GLOBAL_ACCENT_COLOR_NAME = AccentColor;
				CODE_SIGN_ENTITLEMENTS = macOS/macOS.entitlements;
				CODE_SIGN_STYLE = Automatic;
				COMBINE_HIDPI_IMAGES = YES;
				DEVELOPMENT_TEAM = LFZR92V6WF;
				ENABLE_HARDENED_RUNTIME = YES;
				ENABLE_PREVIEWS = YES;
				INFOPLIST_FILE = macOS/Info.plist;
				LD_RUNPATH_SEARCH_PATHS = (
					"$(inherited)",
					"@executable_path/../Frameworks",
				);
				MACOSX_DEPLOYMENT_TARGET = 11.0;
				PRODUCT_BUNDLE_IDENTIFIER = imhans.SwiftUI.tutorial.Scrumdinger;
				PRODUCT_NAME = Scrumdinger;
				SDKROOT = macosx;
				SWIFT_VERSION = 5.0;
			};
			name = Release;
		};
/* End XCBuildConfiguration section */

/* Begin XCConfigurationList section */
		BFC89FAC26CBDF6D0076D2A8 /* Build configuration list for PBXProject "Scrumdinger" */ = {
			isa = XCConfigurationList;
			buildConfigurations = (
				BFC89FC726CBDF6E0076D2A8 /* Debug */,
				BFC89FC826CBDF6E0076D2A8 /* Release */,
			);
			defaultConfigurationIsVisible = 0;
			defaultConfigurationName = Release;
		};
		BFC89FC926CBDF6E0076D2A8 /* Build configuration list for PBXNativeTarget "Scrumdinger (iOS)" */ = {
			isa = XCConfigurationList;
			buildConfigurations = (
				BFC89FCA26CBDF6E0076D2A8 /* Debug */,
				BFC89FCB26CBDF6E0076D2A8 /* Release */,
			);
			defaultConfigurationIsVisible = 0;
			defaultConfigurationName = Release;
		};
		BFC89FCC26CBDF6E0076D2A8 /* Build configuration list for PBXNativeTarget "Scrumdinger (macOS)" */ = {
			isa = XCConfigurationList;
			buildConfigurations = (
				BFC89FCD26CBDF6E0076D2A8 /* Debug */,
				BFC89FCE26CBDF6E0076D2A8 /* Release */,
			);
			defaultConfigurationIsVisible = 0;
			defaultConfigurationName = Release;
		};
/* End XCConfigurationList section */
	};
	rootObject = BFC89FA926CBDF6D0076D2A8 /* Project object */;
}
